
Microsoft Visual Studio Solution File, Format Version 12.00
# Visual Studio Version 17
VisualStudioVersion = 17.14.36310.24 d17.14
MinimumVisualStudioVersion = 10.0.40219.1
Project("{FAE04EC0-301F-11D3-BF4B-00C04F79EFBC}") = "ConsoleApp2607", "ConsoleApp2607\ConsoleApp2607.csproj", "{86791CED-F156-4DEE-8741-5B5D2BDCC149}"
EndProject
Project("{FAE04EC0-301F-11D3-BF4B-00C04F79EFBC}") = "Hoja de trabajo - Pilares de POO", "Hoja de trabajo - Pilares de POO\Hoja de trabajo - Pilares de POO.csproj", "{03803DF3-1C4E-44AB-B1FF-39FB6569C438}"
EndProject
Global
	GlobalSection(SolutionConfigurationPlatforms) = preSolution
		Debug|Any CPU = Debug|Any CPU
		Release|Any CPU = Release|Any CPU
	EndGlobalSection
	GlobalSection(ProjectConfigurationPlatforms) = postSolution
		{86791CED-F156-4DEE-8741-5B5D2BDCC149}.Debug|Any CPU.ActiveCfg = Debug|Any CPU
		{86791CED-F156-4DEE-8741-5B5D2BDCC149}.Debug|Any CPU.Build.0 = Debug|Any CPU
		{86791CED-F156-4DEE-8741-5B5D2BDCC149}.Release|Any CPU.ActiveCfg = Release|Any CPU
		{86791CED-F156-4DEE-8741-5B5D2BDCC149}.Release|Any CPU.Build.0 = Release|Any CPU
		{03803DF3-1C4E-44AB-B1FF-39FB6569C438}.Debug|Any CPU.ActiveCfg = Debug|Any CPU
		{03803DF3-1C4E-44AB-B1FF-39FB6569C438}.Debug|Any CPU.Build.0 = Debug|Any CPU
		{03803DF3-1C4E-44AB-B1FF-39FB6569C438}.Release|Any CPU.ActiveCfg = Release|Any CPU
		{03803DF3-1C4E-44AB-B1FF-39FB6569C438}.Release|Any CPU.Build.0 = Release|Any CPU
	EndGlobalSection
	GlobalSection(SolutionProperties) = preSolution
		HideSolutionNode = FALSE
	EndGlobalSection
	GlobalSection(ExtensibilityGlobals) = postSolution
		SolutionGuid = {02A728F0-6DD0-45A9-9C1F-28E8C6C9ED7A}
	EndGlobalSection
EndGlobal
